<?xml version="1.0" encoding="utf-8"?>
<Project ToolsVersion="4.0" xmlns="http://schemas.microsoft.com/developer/msbuild/2003">
  <ItemGroup>
    <Filter Include="Source Files">
      <UniqueIdentifier>{4FC737F1-C7A5-4376-A066-2A32D752A2FF}</UniqueIdentifier>
      <Extensions>cpp;c;cc;cxx;def;odl;idl;hpj;bat;asm;asmx</Extensions>
    </Filter>
    <Filter Include="Header Files">
      <UniqueIdentifier>{93995380-89BD-4b04-88EB-625FBE52EBFB}</UniqueIdentifier>
      <Extensions>h;hpp;hxx;hm;inl;inc;xsd</Extensions>
    </Filter>
    <Filter Include="Win32Res">
      <UniqueIdentifier>{67DA6AB6-F800-4c08-8B7A-83BB121AAD01}</UniqueIdentifier>
      <Extensions>rc;ico;cur;bmp;dlg;rc2;rct;bin;rgs;gif;jpg;jpeg;jpe;resx;tiff;tif;png;wav</Extensions>
    </Filter>
    <Filter Include="Resources">
      <UniqueIdentifier>{64c93967-d0cf-4a43-ad42-2c66dc66c5b8}</UniqueIdentifier>
    </Filter>
    <Filter Include="Resources\Shaders">
      <UniqueIdentifier>{579c080a-717e-429b-8b01-ae9eccb5ad2f}</UniqueIdentifier>
    </Filter>
    <Filter Include="RapidXML">
      <UniqueIdentifier>{1e99167a-bacb-4290-a834-04e65ffdbb1b}</UniqueIdentifier>
    </Filter>
    <Filter Include="Source Files\ResourceManager">
      <UniqueIdentifier>{6fe64b3b-195a-4ddb-b5fa-a6d36f897946}</UniqueIdentifier>
    </Filter>
    <Filter Include="Header Files\SceneManager">
      <UniqueIdentifier>{249bb6ca-c012-41e6-a330-c3fb1175ae92}</UniqueIdentifier>
    </Filter>
    <Filter Include="Source Files\SceneManager">
      <UniqueIdentifier>{d36f7bd0-062c-43c1-8ae2-e42830d0c7b1}</UniqueIdentifier>
    </Filter>
    <Filter Include="Header Files\ResourcesManager">
      <UniqueIdentifier>{30da329e-5f70-488b-bced-208071ecc303}</UniqueIdentifier>
    </Filter>
  </ItemGroup>
  <ItemGroup>
    <ClCompile Include="NewTrainingFramework.cpp">
      <Filter>Source Files</Filter>
    </ClCompile>
    <ClCompile Include="stdafx.cpp">
      <Filter>Source Files</Filter>
    </ClCompile>
    <ClCompile Include="Camera.cpp">
      <Filter>Source Files</Filter>
    </ClCompile>
    <ClCompile Include="Globals.cpp">
      <Filter>Source Files</Filter>
    </ClCompile>
    <ClCompile Include="Obiect.cpp">
      <Filter>Source Files</Filter>
    </ClCompile>
    <ClCompile Include="Model.cpp">
      <Filter>Source Files\ResourceManager</Filter>
    </ClCompile>
    <ClCompile Include="ResourceManager.cpp">
      <Filter>Source Files\ResourceManager</Filter>
    </ClCompile>
    <ClCompile Include="Shader.cpp">
      <Filter>Source Files\ResourceManager</Filter>
    </ClCompile>
    <ClCompile Include="Texture.cpp">
      <Filter>Source Files\ResourceManager</Filter>
    </ClCompile>
    <ClCompile Include="SceneManager.cpp">
      <Filter>Source Files\SceneManager</Filter>
    </ClCompile>
    <ClCompile Include="SceneObject.cpp">
      <Filter>Source Files\SceneManager</Filter>
    </ClCompile>
    <ClCompile Include="SkyBox.cpp">
      <Filter>Source Files\SceneManager</Filter>
    </ClCompile>
    <ClCompile Include="NormalObject.cpp">
      <Filter>Source Files\SceneManager</Filter>
    </ClCompile>
    <ClCompile Include="Fire.cpp">
      <Filter>Source Files\SceneManager</Filter>
    </ClCompile>
    <ClCompile Include="Light.cpp">
      <Filter>Source Files\SceneManager</Filter>
    </ClCompile>
  </ItemGroup>
  <ItemGroup>
    <ClInclude Include="Globals.h">
      <Filter>Header Files</Filter>
    </ClInclude>
    <ClInclude Include="stdafx.h">
      <Filter>Header Files</Filter>
    </ClInclude>
    <ClInclude Include="targetver.h">
      <Filter>Header Files</Filter>
    </ClInclude>
    <ClInclude Include="Vertex.h">
      <Filter>Header Files</Filter>
    </ClInclude>
    <ClInclude Include="Camera.h">
      <Filter>Header Files</Filter>
    </ClInclude>
    <ClInclude Include="MouseEvents.h">
      <Filter>Header Files</Filter>
    </ClInclude>
    <ClInclude Include="..\Include\RapidXML\rapidxml.hpp">
      <Filter>RapidXML</Filter>
    </ClInclude>
    <ClInclude Include="..\Include\RapidXML\rapidxml_iterators.hpp">
      <Filter>RapidXML</Filter>
    </ClInclude>
    <ClInclude Include="..\Include\RapidXML\rapidxml_print.hpp">
      <Filter>RapidXML</Filter>
    </ClInclude>
    <ClInclude Include="..\Include\RapidXML\rapidxml_utils.hpp">
      <Filter>RapidXML</Filter>
    </ClInclude>
    <ClInclude Include="Obiect.h">
      <Filter>Header Files</Filter>
    </ClInclude>
    <ClInclude Include="NewTrainingFramework.h">
      <Filter>Header Files</Filter>
    </ClInclude>
    <ClInclude Include="Model.h">
      <Filter>Header Files\ResourcesManager</Filter>
    </ClInclude>
    <ClInclude Include="ResourceManager.h">
      <Filter>Header Files\ResourcesManager</Filter>
    </ClInclude>
    <ClInclude Include="Shader.h">
      <Filter>Header Files\ResourcesManager</Filter>
    </ClInclude>
    <ClInclude Include="Texture.h">
      <Filter>Header Files\ResourcesManager</Filter>
    </ClInclude>
    <ClInclude Include="SceneManager.h">
      <Filter>Header Files\SceneManager</Filter>
    </ClInclude>
    <ClInclude Include="SceneObject.h">
      <Filter>Header Files\SceneManager</Filter>
    </ClInclude>
    <ClInclude Include="SkyBox.h">
      <Filter>Header Files\SceneManager</Filter>
    </ClInclude>
    <ClInclude Include="NormalObject.h">
      <Filter>Header Files\SceneManager</Filter>
    </ClInclude>
    <ClInclude Include="Fire.h">
      <Filter>Header Files\SceneManager</Filter>
    </ClInclude>
    <ClInclude Include="Light.h">
      <Filter>Header Files\SceneManager</Filter>
    </ClInclude>
  </ItemGroup>
  <ItemGroup>
    <None Include="..\Resources\Shaders\TriangleShaderFS.fs">
      <Filter>Resources\Shaders</Filter>
    </None>
    <None Include="..\Resources\Shaders\TriangleShaderVS.vs">
      <Filter>Resources\Shaders</Filter>
    </None>
    <None Include="..\..\Readme.doc" />
    <None Include="..\Resources\Shaders\LineShaderFS.fs">
      <Filter>Resources\Shaders</Filter>
    </None>
    <None Include="..\Resources\Shaders\LineShaderVS.vs">
      <Filter>Resources\Shaders</Filter>
    </None>
    <None Include="..\Include\RapidXML\manual.html">
      <Filter>RapidXML</Filter>
    </None>
    <None Include="..\..\NewResourcesPacket\Shaders\modelShaderFS.fs">
      <Filter>Resources\Shaders</Filter>
    </None>
    <None Include="..\..\NewResourcesPacket\Shaders\modelShaderVS.vs">
      <Filter>Resources\Shaders</Filter>
    </None>
    <None Include="..\..\NewResourcesPacket\Shaders\terrainShader.fs">
      <Filter>Resources\Shaders</Filter>
    </None>
    <None Include="..\..\NewResourcesPacket\Shaders\terrainShader.vs">
      <Filter>Resources\Shaders</Filter>
    </None>
    <None Include="..\..\NewResourcesPacket\Shaders\skyShader.fs">
      <Filter>Resources\Shaders</Filter>
    </None>
    <None Include="..\..\NewResourcesPacket\Shaders\skyShader.vs">
      <Filter>Resources\Shaders</Filter>
    </None>
    <None Include="..\..\NewResourcesPacket\Shaders\fogShaderFS.fs">
      <Filter>Resources\Shaders</Filter>
    </None>
    <None Include="..\..\NewResourcesPacket\Shaders\fogShaderVS.vs">
      <Filter>Resources\Shaders</Filter>
    </None>
  </ItemGroup>
  <ItemGroup>
    <Text Include="..\Include\RapidXML\license.txt">
      <Filter>RapidXML</Filter>
    </Text>
  </ItemGroup>
  <ItemGroup>
    <Xml Include="..\Resources\exemplu_xml.xml">
      <Filter>Resources</Filter>
    </Xml>
    <Xml Include="..\..\NewResourcesPacket\XML\resourceManager.xml">
      <Filter>Resources</Filter>
    </Xml>
  </ItemGroup>
</Project>